
Microsoft Visual Studio Solution File, Format Version 12.00
# Visual Studio Version 16
VisualStudioVersion = 16.0.30002.166
MinimumVisualStudioVersion = 10.0.40219.1
Project("{FAE04EC0-301F-11D3-BF4B-00C04F79EFBC}") = "EmpDependents", "EmpDependents\EmpDependents.csproj", "{729A17BA-E1EF-4E33-8F8A-D0CC49B531B2}"
EndProject
Project("{FAE04EC0-301F-11D3-BF4B-00C04F79EFBC}") = "EmpDependents.Domain", "EmpDependents.Domain\EmpDependents.Domain.csproj", "{8466D68C-5563-4F9D-8069-452EC1CE0856}"
EndProject
Project("{FAE04EC0-301F-11D3-BF4B-00C04F79EFBC}") = "EmpDependents.Logic", "EmpDependents.Logic\EmpDependents.Logic.csproj", "{6ED7D1D0-87FB-4502-BBD6-58C088EEAF4D}"
EndProject
Project("{FAE04EC0-301F-11D3-BF4B-00C04F79EFBC}") = "EmpDependents.Sql", "EmpDependents.Sql\EmpDependents.Sql.csproj", "{58795683-5B08-452A-8ED7-333F855EF7AD}"
EndProject
Project("{FAE04EC0-301F-11D3-BF4B-00C04F79EFBC}") = "EmpDependents.Logic.Tests", "EmpDependents.Logic.Tests\EmpDependents.Logic.Tests.csproj", "{437A5A1E-DABD-4D3A-9820-9AEF3BB81D0B}"
EndProject
Global
	GlobalSection(SolutionConfigurationPlatforms) = preSolution
		Debug|Any CPU = Debug|Any CPU
		Release|Any CPU = Release|Any CPU
	EndGlobalSection
	GlobalSection(ProjectConfigurationPlatforms) = postSolution
		{729A17BA-E1EF-4E33-8F8A-D0CC49B531B2}.Debug|Any CPU.ActiveCfg = Debug|Any CPU
		{729A17BA-E1EF-4E33-8F8A-D0CC49B531B2}.Debug|Any CPU.Build.0 = Debug|Any CPU
		{729A17BA-E1EF-4E33-8F8A-D0CC49B531B2}.Release|Any CPU.ActiveCfg = Release|Any CPU
		{729A17BA-E1EF-4E33-8F8A-D0CC49B531B2}.Release|Any CPU.Build.0 = Release|Any CPU
		{8466D68C-5563-4F9D-8069-452EC1CE0856}.Debug|Any CPU.ActiveCfg = Debug|Any CPU
		{8466D68C-5563-4F9D-8069-452EC1CE0856}.Debug|Any CPU.Build.0 = Debug|Any CPU
		{8466D68C-5563-4F9D-8069-452EC1CE0856}.Release|Any CPU.ActiveCfg = Release|Any CPU
		{8466D68C-5563-4F9D-8069-452EC1CE0856}.Release|Any CPU.Build.0 = Release|Any CPU
		{6ED7D1D0-87FB-4502-BBD6-58C088EEAF4D}.Debug|Any CPU.ActiveCfg = Debug|Any CPU
		{6ED7D1D0-87FB-4502-BBD6-58C088EEAF4D}.Debug|Any CPU.Build.0 = Debug|Any CPU
		{6ED7D1D0-87FB-4502-BBD6-58C088EEAF4D}.Release|Any CPU.ActiveCfg = Release|Any CPU
		{6ED7D1D0-87FB-4502-BBD6-58C088EEAF4D}.Release|Any CPU.Build.0 = Release|Any CPU
		{58795683-5B08-452A-8ED7-333F855EF7AD}.Debug|Any CPU.ActiveCfg = Debug|Any CPU
		{58795683-5B08-452A-8ED7-333F855EF7AD}.Debug|Any CPU.Build.0 = Debug|Any CPU
		{58795683-5B08-452A-8ED7-333F855EF7AD}.Release|Any CPU.ActiveCfg = Release|Any CPU
		{58795683-5B08-452A-8ED7-333F855EF7AD}.Release|Any CPU.Build.0 = Release|Any CPU
		{437A5A1E-DABD-4D3A-9820-9AEF3BB81D0B}.Debug|Any CPU.ActiveCfg = Debug|Any CPU
		{437A5A1E-DABD-4D3A-9820-9AEF3BB81D0B}.Debug|Any CPU.Build.0 = Debug|Any CPU
		{437A5A1E-DABD-4D3A-9820-9AEF3BB81D0B}.Release|Any CPU.ActiveCfg = Release|Any CPU
		{437A5A1E-DABD-4D3A-9820-9AEF3BB81D0B}.Release|Any CPU.Build.0 = Release|Any CPU
	EndGlobalSection
	GlobalSection(SolutionProperties) = preSolution
		HideSolutionNode = FALSE
	EndGlobalSection
	GlobalSection(ExtensibilityGlobals) = postSolution
		SolutionGuid = {DABE4BB4-D539-4510-8800-2CA6CB9382ED}
	EndGlobalSection
EndGlobal
